
Microsoft Visual Studio Solution File, Format Version 12.00
# Visual Studio Version 17
VisualStudioVersion = 17.2.32630.192
MinimumVisualStudioVersion = 10.0.40219.1
Project("{8BC9CEB8-8B4A-11D0-8D11-00A0C91BC942}") = "SoundfontStudies", "SoundfontStudies\SoundfontStudies.vcxproj", "{F6E9B6FD-3839-4AFB-9A03-C1980D9FF904}"
EndProject
Project("{8BC9CEB8-8B4A-11D0-8D11-00A0C91BC942}") = "UnitTest", "UnitTest\UnitTest.vcxproj", "{1EC9445A-6456-4521-80A3-52A9F7CC6D60}"
EndProject
Global
	GlobalSection(SolutionConfigurationPlatforms) = preSolution
		Debug|x64 = Debug|x64
		Debug|x86 = Debug|x86
		Release|x64 = Release|x64
		Release|x86 = Release|x86
	EndGlobalSection
	GlobalSection(ProjectConfigurationPlatforms) = postSolution
		{F6E9B6FD-3839-4AFB-9A03-C1980D9FF904}.Debug|x64.ActiveCfg = Debug|x64
		{F6E9B6FD-3839-4AFB-9A03-C1980D9FF904}.Debug|x64.Build.0 = Debug|x64
		{F6E9B6FD-3839-4AFB-9A03-C1980D9FF904}.Debug|x86.ActiveCfg = Debug|Win32
		{F6E9B6FD-3839-4AFB-9A03-C1980D9FF904}.Debug|x86.Build.0 = Debug|Win32
		{F6E9B6FD-3839-4AFB-9A03-C1980D9FF904}.Release|x64.ActiveCfg = Release|x64
		{F6E9B6FD-3839-4AFB-9A03-C1980D9FF904}.Release|x64.Build.0 = Release|x64
		{F6E9B6FD-3839-4AFB-9A03-C1980D9FF904}.Release|x86.ActiveCfg = Release|Win32
		{F6E9B6FD-3839-4AFB-9A03-C1980D9FF904}.Release|x86.Build.0 = Release|Win32
		{1EC9445A-6456-4521-80A3-52A9F7CC6D60}.Debug|x64.ActiveCfg = Debug|x64
		{1EC9445A-6456-4521-80A3-52A9F7CC6D60}.Debug|x64.Build.0 = Debug|x64
		{1EC9445A-6456-4521-80A3-52A9F7CC6D60}.Debug|x86.ActiveCfg = Debug|Win32
		{1EC9445A-6456-4521-80A3-52A9F7CC6D60}.Debug|x86.Build.0 = Debug|Win32
		{1EC9445A-6456-4521-80A3-52A9F7CC6D60}.Release|x64.ActiveCfg = Release|x64
		{1EC9445A-6456-4521-80A3-52A9F7CC6D60}.Release|x64.Build.0 = Release|x64
		{1EC9445A-6456-4521-80A3-52A9F7CC6D60}.Release|x86.ActiveCfg = Release|Win32
		{1EC9445A-6456-4521-80A3-52A9F7CC6D60}.Release|x86.Build.0 = Release|Win32
	EndGlobalSection
	GlobalSection(SolutionProperties) = preSolution
		HideSolutionNode = FALSE
	EndGlobalSection
	GlobalSection(ExtensibilityGlobals) = postSolution
		SolutionGuid = {FD66A4B2-7D59-41DD-9AF7-63620AB6DB25}
	EndGlobalSection
EndGlobal
